
Microsoft Visual Studio Solution File, Format Version 12.00
# Visual Studio Version 16
VisualStudioVersion = 16.0.31515.178
MinimumVisualStudioVersion = 10.0.40219.1
Project("{9A19103F-16F7-4668-BE54-9A1E7A4F7556}") = "Proj1", "Proj1\Proj1.csproj", "{0A938164-C1A1-4637-A6EF-C4FE9AA07EA4}"
EndProject
Project("{9A19103F-16F7-4668-BE54-9A1E7A4F7556}") = "Models", "Models\Models.csproj", "{9501BFC1-C5CC-4AC0-8048-9E8502B183F3}"
EndProject
Project("{9A19103F-16F7-4668-BE54-9A1E7A4F7556}") = "BAL", "BAL\BAL.csproj", "{22A494C6-A00A-4016-8AEB-7286E06B9B0A}"
EndProject
Project("{FAE04EC0-301F-11D3-BF4B-00C04F79EFBC}") = "Proj1_api", "Proj1_api\Proj1_api.csproj", "{C7D17A0B-B1AA-4530-8772-ECD4D6CF241A}"
EndProject
Global
	GlobalSection(SolutionConfigurationPlatforms) = preSolution
		Debug|Any CPU = Debug|Any CPU
		Release|Any CPU = Release|Any CPU
	EndGlobalSection
	GlobalSection(ProjectConfigurationPlatforms) = postSolution
		{0A938164-C1A1-4637-A6EF-C4FE9AA07EA4}.Debug|Any CPU.ActiveCfg = Debug|Any CPU
		{0A938164-C1A1-4637-A6EF-C4FE9AA07EA4}.Debug|Any CPU.Build.0 = Debug|Any CPU
		{0A938164-C1A1-4637-A6EF-C4FE9AA07EA4}.Release|Any CPU.ActiveCfg = Release|Any CPU
		{0A938164-C1A1-4637-A6EF-C4FE9AA07EA4}.Release|Any CPU.Build.0 = Release|Any CPU
		{9501BFC1-C5CC-4AC0-8048-9E8502B183F3}.Debug|Any CPU.ActiveCfg = Debug|Any CPU
		{9501BFC1-C5CC-4AC0-8048-9E8502B183F3}.Debug|Any CPU.Build.0 = Debug|Any CPU
		{9501BFC1-C5CC-4AC0-8048-9E8502B183F3}.Release|Any CPU.ActiveCfg = Release|Any CPU
		{9501BFC1-C5CC-4AC0-8048-9E8502B183F3}.Release|Any CPU.Build.0 = Release|Any CPU
		{22A494C6-A00A-4016-8AEB-7286E06B9B0A}.Debug|Any CPU.ActiveCfg = Debug|Any CPU
		{22A494C6-A00A-4016-8AEB-7286E06B9B0A}.Debug|Any CPU.Build.0 = Debug|Any CPU
		{22A494C6-A00A-4016-8AEB-7286E06B9B0A}.Release|Any CPU.ActiveCfg = Release|Any CPU
		{22A494C6-A00A-4016-8AEB-7286E06B9B0A}.Release|Any CPU.Build.0 = Release|Any CPU
		{C7D17A0B-B1AA-4530-8772-ECD4D6CF241A}.Debug|Any CPU.ActiveCfg = Debug|Any CPU
		{C7D17A0B-B1AA-4530-8772-ECD4D6CF241A}.Debug|Any CPU.Build.0 = Debug|Any CPU
		{C7D17A0B-B1AA-4530-8772-ECD4D6CF241A}.Release|Any CPU.ActiveCfg = Release|Any CPU
		{C7D17A0B-B1AA-4530-8772-ECD4D6CF241A}.Release|Any CPU.Build.0 = Release|Any CPU
	EndGlobalSection
	GlobalSection(SolutionProperties) = preSolution
		HideSolutionNode = FALSE
	EndGlobalSection
	GlobalSection(ExtensibilityGlobals) = postSolution
		SolutionGuid = {6082239E-8E1C-42F7-A613-ECE7A58BBB6B}
	EndGlobalSection
EndGlobal
